
Microsoft Visual Studio Solution File, Format Version 12.00
# Visual Studio Version 17
VisualStudioVersion = 17.0.32112.339
MinimumVisualStudioVersion = 10.0.40219.1
Project("{9A19103F-16F7-4668-BE54-9A1E7A4F7556}") = "GeorgesChat.Infrastructure", "GeorgesChat.Infrastructure\GeorgesChat.Infrastructure.csproj", "{FE922336-3BE6-4849-A5AC-2870DAAFEC24}"
EndProject
Project("{9A19103F-16F7-4668-BE54-9A1E7A4F7556}") = "GeorgesChat.Core", "GeorgesChat.Core\GeorgesChat.Core.csproj", "{EC2A7C7C-D010-49F0-A8C0-491631052A41}"
	ProjectSection(ProjectDependencies) = postProject
		{FE922336-3BE6-4849-A5AC-2870DAAFEC24} = {FE922336-3BE6-4849-A5AC-2870DAAFEC24}
	EndProjectSection
EndProject
Project("{9A19103F-16F7-4668-BE54-9A1E7A4F7556}") = "GeorgesChat.Web", "GeorgesChat.Web\GeorgesChat.Web.csproj", "{4DCBFE27-F26A-4835-AA4A-115D9A69C8BD}"
EndProject
Global
	GlobalSection(SolutionConfigurationPlatforms) = preSolution
		Debug|Any CPU = Debug|Any CPU
		Release|Any CPU = Release|Any CPU
	EndGlobalSection
	GlobalSection(ProjectConfigurationPlatforms) = postSolution
		{FE922336-3BE6-4849-A5AC-2870DAAFEC24}.Debug|Any CPU.ActiveCfg = Debug|Any CPU
		{FE922336-3BE6-4849-A5AC-2870DAAFEC24}.Debug|Any CPU.Build.0 = Debug|Any CPU
		{FE922336-3BE6-4849-A5AC-2870DAAFEC24}.Release|Any CPU.ActiveCfg = Release|Any CPU
		{FE922336-3BE6-4849-A5AC-2870DAAFEC24}.Release|Any CPU.Build.0 = Release|Any CPU
		{EC2A7C7C-D010-49F0-A8C0-491631052A41}.Debug|Any CPU.ActiveCfg = Debug|Any CPU
		{EC2A7C7C-D010-49F0-A8C0-491631052A41}.Debug|Any CPU.Build.0 = Debug|Any CPU
		{EC2A7C7C-D010-49F0-A8C0-491631052A41}.Release|Any CPU.ActiveCfg = Release|Any CPU
		{EC2A7C7C-D010-49F0-A8C0-491631052A41}.Release|Any CPU.Build.0 = Release|Any CPU
		{4DCBFE27-F26A-4835-AA4A-115D9A69C8BD}.Debug|Any CPU.ActiveCfg = Debug|Any CPU
		{4DCBFE27-F26A-4835-AA4A-115D9A69C8BD}.Debug|Any CPU.Build.0 = Debug|Any CPU
		{4DCBFE27-F26A-4835-AA4A-115D9A69C8BD}.Release|Any CPU.ActiveCfg = Release|Any CPU
		{4DCBFE27-F26A-4835-AA4A-115D9A69C8BD}.Release|Any CPU.Build.0 = Release|Any CPU
	EndGlobalSection
	GlobalSection(SolutionProperties) = preSolution
		HideSolutionNode = FALSE
	EndGlobalSection
	GlobalSection(ExtensibilityGlobals) = postSolution
		SolutionGuid = {6B423750-9140-42E6-9BDE-CCEB6820D5D8}
	EndGlobalSection
EndGlobal
